
Microsoft Visual Studio Solution File, Format Version 12.00
# Visual Studio Version 16
VisualStudioVersion = 16.0.30225.117
MinimumVisualStudioVersion = 10.0.40219.1
Project("{FAE04EC0-301F-11D3-BF4B-00C04F79EFBC}") = "SenhorBolo", "SenhorBolo\SenhorBolo.csproj", "{4315F39A-6263-4F02-8AB1-855E58CA96A9}"
EndProject
Global
	GlobalSection(SolutionConfigurationPlatforms) = preSolution
		Debug|Any CPU = Debug|Any CPU
		Release|Any CPU = Release|Any CPU
	EndGlobalSection
	GlobalSection(ProjectConfigurationPlatforms) = postSolution
		{4315F39A-6263-4F02-8AB1-855E58CA96A9}.Debug|Any CPU.ActiveCfg = Debug|Any CPU
		{4315F39A-6263-4F02-8AB1-855E58CA96A9}.Debug|Any CPU.Build.0 = Debug|Any CPU
		{4315F39A-6263-4F02-8AB1-855E58CA96A9}.Release|Any CPU.ActiveCfg = Release|Any CPU
		{4315F39A-6263-4F02-8AB1-855E58CA96A9}.Release|Any CPU.Build.0 = Release|Any CPU
	EndGlobalSection
	GlobalSection(SolutionProperties) = preSolution
		HideSolutionNode = FALSE
	EndGlobalSection
	GlobalSection(ExtensibilityGlobals) = postSolution
		SolutionGuid = {EF4A4B8F-739D-43A9-BBD1-576E1B8AA934}
	EndGlobalSection
EndGlobal
