
Microsoft Visual Studio Solution File, Format Version 12.00
# Visual Studio Version 16
VisualStudioVersion = 16.0.30225.117
MinimumVisualStudioVersion = 10.0.40219.1
Project("{FAE04EC0-301F-11D3-BF4B-00C04F79EFBC}") = "prjSenhorBolo", "prjSenhorBolo\prjSenhorBolo.csproj", "{7EDDF898-2445-46C0-B716-8084838FFB1D}"
EndProject
Global
	GlobalSection(SolutionConfigurationPlatforms) = preSolution
		Debug|Any CPU = Debug|Any CPU
		Release|Any CPU = Release|Any CPU
	EndGlobalSection
	GlobalSection(ProjectConfigurationPlatforms) = postSolution
		{7EDDF898-2445-46C0-B716-8084838FFB1D}.Debug|Any CPU.ActiveCfg = Debug|Any CPU
		{7EDDF898-2445-46C0-B716-8084838FFB1D}.Debug|Any CPU.Build.0 = Debug|Any CPU
		{7EDDF898-2445-46C0-B716-8084838FFB1D}.Release|Any CPU.ActiveCfg = Release|Any CPU
		{7EDDF898-2445-46C0-B716-8084838FFB1D}.Release|Any CPU.Build.0 = Release|Any CPU
	EndGlobalSection
	GlobalSection(SolutionProperties) = preSolution
		HideSolutionNode = FALSE
	EndGlobalSection
	GlobalSection(ExtensibilityGlobals) = postSolution
		SolutionGuid = {445A1338-6C16-4723-BACD-C3022849BA42}
	EndGlobalSection
EndGlobal
